
Microsoft Visual Studio Solution File, Format Version 12.00
# Visual Studio Version 17
VisualStudioVersion = 17.6.33801.468
MinimumVisualStudioVersion = 10.0.40219.1
Project("{FAE04EC0-301F-11D3-BF4B-00C04F79EFBC}") = "FundEasy", "FundEasy\FundEasy.csproj", "{D242CA58-9266-45EB-8978-0E0A598999F0}"
EndProject
Global
	GlobalSection(SolutionConfigurationPlatforms) = preSolution
		Debug|Any CPU = Debug|Any CPU
		Release|Any CPU = Release|Any CPU
	EndGlobalSection
	GlobalSection(ProjectConfigurationPlatforms) = postSolution
		{D242CA58-9266-45EB-8978-0E0A598999F0}.Debug|Any CPU.ActiveCfg = Debug|Any CPU
		{D242CA58-9266-45EB-8978-0E0A598999F0}.Debug|Any CPU.Build.0 = Debug|Any CPU
		{D242CA58-9266-45EB-8978-0E0A598999F0}.Release|Any CPU.ActiveCfg = Release|Any CPU
		{D242CA58-9266-45EB-8978-0E0A598999F0}.Release|Any CPU.Build.0 = Release|Any CPU
	EndGlobalSection
	GlobalSection(SolutionProperties) = preSolution
		HideSolutionNode = FALSE
	EndGlobalSection
	GlobalSection(ExtensibilityGlobals) = postSolution
		SolutionGuid = {E52DD8E7-B97B-4352-860C-CA4219196A94}
	EndGlobalSection
EndGlobal
